// !$*UTF8*$!
{
	archiveVersion = 1;
	classes = {
	};
	objectVersion = 50;
	objects = {

/* Begin PBXBuildFile section */
		3113B3E20EC8D62601995C35 /* Pods_ZKSwiftProject.framework in Frameworks */ = {isa = PBXBuildFile; fileRef = 8F79496F525E37AB2BD3627E /* Pods_ZKSwiftProject.framework */; };
		FD17ED7B21E6ECA60044FB96 /* ZKableViewCell.swift in Sources */ = {isa = PBXBuildFile; fileRef = FD17ED7A21E6ECA60044FB96 /* ZKableViewCell.swift */; };
		FD17ED8F21E716940044FB96 /* ZKCommunityTimelineCell.swift in Sources */ = {isa = PBXBuildFile; fileRef = FD17ED8E21E716940044FB96 /* ZKCommunityTimelineCell.swift */; };
		FD1C28FE21EF226800016122 /* YYWeakProxy.m in Sources */ = {isa = PBXBuildFile; fileRef = FD1C28FA21EF226800016122 /* YYWeakProxy.m */; };
		FD1C28FF21EF226800016122 /* YYFPSLabel.m in Sources */ = {isa = PBXBuildFile; fileRef = FD1C28FC21EF226800016122 /* YYFPSLabel.m */; };
		FD2B97B721F2D1CE00B5425A /* ZKImageBrowserController.swift in Sources */ = {isa = PBXBuildFile; fileRef = FD2B97B521F2D1CE00B5425A /* ZKImageBrowserController.swift */; };
		FD2B97B821F2D1CE00B5425A /* ZKImageBrowserCell.swift in Sources */ = {isa = PBXBuildFile; fileRef = FD2B97B621F2D1CE00B5425A /* ZKImageBrowserCell.swift */; };
		FD2B97BA21F2FD1E00B5425A /* ZKImageBrowserItem.swift in Sources */ = {isa = PBXBuildFile; fileRef = FD2B97B921F2FD1E00B5425A /* ZKImageBrowserItem.swift */; };
		FD35A1A621E9C39800DC2FEB /* ZKCommunityTimelineLayout.swift in Sources */ = {isa = PBXBuildFile; fileRef = FD35A1A521E9C39800DC2FEB /* ZKCommunityTimelineLayout.swift */; };
		FD35A1AA21E9E6BF00DC2FEB /* EmoticonWeibo.bundle in Resources */ = {isa = PBXBuildFile; fileRef = FD35A1A921E9E6BF00DC2FEB /* EmoticonWeibo.bundle */; };
		FD35A1AC21E9E75800DC2FEB /* ZKCommunityHelper.swift in Sources */ = {isa = PBXBuildFile; fileRef = FD35A1AB21E9E75800DC2FEB /* ZKCommunityHelper.swift */; };
		FD3B1E1121E85AB700C0C2BE /* ZKCommunityProfileView.swift in Sources */ = {isa = PBXBuildFile; fileRef = FD3B1E1021E85AB700C0C2BE /* ZKCommunityProfileView.swift */; };
		FD3B1E1721E880AC00C0C2BE /* ZKCommunityLinkView.swift in Sources */ = {isa = PBXBuildFile; fileRef = FD3B1E1621E880AC00C0C2BE /* ZKCommunityLinkView.swift */; };
		FD3B1E1921E8A02300C0C2BE /* ZKCommunityPicturesView.swift in Sources */ = {isa = PBXBuildFile; fileRef = FD3B1E1821E8A02300C0C2BE /* ZKCommunityPicturesView.swift */; };
		FD3B1E1B21E8B41800C0C2BE /* ZKCommunityTimelineModel.swift in Sources */ = {isa = PBXBuildFile; fileRef = FD3B1E1A21E8B41800C0C2BE /* ZKCommunityTimelineModel.swift */; };
		FD6AABEC21D8BEE000358591 /* ZKCommunityDetailViewController.swift in Sources */ = {isa = PBXBuildFile; fileRef = FD6AABEB21D8BEE000358591 /* ZKCommunityDetailViewController.swift */; };
		FD6AABF121D8FFA700358591 /* ZKCycleScrollView.swift in Sources */ = {isa = PBXBuildFile; fileRef = FD6AABF021D8FFA700358591 /* ZKCycleScrollView.swift */; };
		FD6AABF521DA76B100358591 /* ZKBannerCell.swift in Sources */ = {isa = PBXBuildFile; fileRef = FD6AABF421DA76B100358591 /* ZKBannerCell.swift */; };
		FD6AAC0121DAB4A300358591 /* CHIBasePageControl.swift in Sources */ = {isa = PBXBuildFile; fileRef = FD6AABF721DAB4A300358591 /* CHIBasePageControl.swift */; };
		FD6AAC0221DAB4A300358591 /* CHIPageControlJalapeno.swift in Sources */ = {isa = PBXBuildFile; fileRef = FD6AABF821DAB4A300358591 /* CHIPageControlJalapeno.swift */; };
		FD6AAC0321DAB4A300358591 /* CHIPageControlAleppo.swift in Sources */ = {isa = PBXBuildFile; fileRef = FD6AABF921DAB4A300358591 /* CHIPageControlAleppo.swift */; };
		FD6AAC0421DAB4A300358591 /* CHIPageControlJaloro.swift in Sources */ = {isa = PBXBuildFile; fileRef = FD6AABFA21DAB4A300358591 /* CHIPageControlJaloro.swift */; };
		FD6AAC0521DAB4A300358591 /* CHIPageControlChimayo.swift in Sources */ = {isa = PBXBuildFile; fileRef = FD6AABFB21DAB4A300358591 /* CHIPageControlChimayo.swift */; };
		FD6AAC0621DAB4A300358591 /* CHIPageControlPuya.swift in Sources */ = {isa = PBXBuildFile; fileRef = FD6AABFC21DAB4A300358591 /* CHIPageControlPuya.swift */; };
		FD6AAC0721DAB4A300358591 /* CHIPageControllable.swift in Sources */ = {isa = PBXBuildFile; fileRef = FD6AABFD21DAB4A300358591 /* CHIPageControllable.swift */; };
		FD6AAC0821DAB4A300358591 /* CHIPageControlPaprika.swift in Sources */ = {isa = PBXBuildFile; fileRef = FD6AABFE21DAB4A300358591 /* CHIPageControlPaprika.swift */; };
		FD6AAC0921DAB4A300358591 /* CHIPageControlAji.swift in Sources */ = {isa = PBXBuildFile; fileRef = FD6AABFF21DAB4A300358591 /* CHIPageControlAji.swift */; };
		FD6AAC0A21DAB4A300358591 /* CHILayer.swift in Sources */ = {isa = PBXBuildFile; fileRef = FD6AAC0021DAB4A300358591 /* CHILayer.swift */; };
		FD6AAC0E21DB72CF00358591 /* ZKDetailBannerCell.swift in Sources */ = {isa = PBXBuildFile; fileRef = FD6AAC0D21DB72CF00358591 /* ZKDetailBannerCell.swift */; };
		FDB0C19821E0B13E002E94F5 /* UIImage+ZKExtension.swift in Sources */ = {isa = PBXBuildFile; fileRef = FDB0C19721E0B13E002E94F5 /* UIImage+ZKExtension.swift */; };
		FDB0C19A21E0C589002E94F5 /* Array+ZKExtension.swift in Sources */ = {isa = PBXBuildFile; fileRef = FDB0C19921E0C589002E94F5 /* Array+ZKExtension.swift */; };
		FDB0C19C21E0CBD4002E94F5 /* DispatchQueue+ZKExtension.swift in Sources */ = {isa = PBXBuildFile; fileRef = FDB0C19B21E0CBD4002E94F5 /* DispatchQueue+ZKExtension.swift */; };
		FDB0C19E21E0CD08002E94F5 /* Dictionary+ZKExtension.swift in Sources */ = {isa = PBXBuildFile; fileRef = FDB0C19D21E0CD08002E94F5 /* Dictionary+ZKExtension.swift */; };
		FDB0C1A021E0CFA4002E94F5 /* String+ZKExtension.swift in Sources */ = {isa = PBXBuildFile; fileRef = FDB0C19F21E0CFA4002E94F5 /* String+ZKExtension.swift */; };
		FDD1C83121D7B8BE000139F6 /* AppDelegate.swift in Sources */ = {isa = PBXBuildFile; fileRef = FDD1C83021D7B8BE000139F6 /* AppDelegate.swift */; };
		FDD1C83921D7B8BE000139F6 /* ZKSwiftProject.xcdatamodeld in Sources */ = {isa = PBXBuildFile; fileRef = FDD1C83721D7B8BE000139F6 /* ZKSwiftProject.xcdatamodeld */; };
		FDD1C83B21D7B8BF000139F6 /* Assets.xcassets in Resources */ = {isa = PBXBuildFile; fileRef = FDD1C83A21D7B8BF000139F6 /* Assets.xcassets */; };
		FDD1C83E21D7B8BF000139F6 /* LaunchScreen.storyboard in Resources */ = {isa = PBXBuildFile; fileRef = FDD1C83C21D7B8BF000139F6 /* LaunchScreen.storyboard */; };
		FDD1C84921D7B8BF000139F6 /* ZKSwiftProjectTests.swift in Sources */ = {isa = PBXBuildFile; fileRef = FDD1C84821D7B8BF000139F6 /* ZKSwiftProjectTests.swift */; };
		FDD1C85421D7B8BF000139F6 /* ZKSwiftProjectUITests.swift in Sources */ = {isa = PBXBuildFile; fileRef = FDD1C85321D7B8BF000139F6 /* ZKSwiftProjectUITests.swift */; };
		FDD1C86F21D7BCEC000139F6 /* ZKNavigationController.swift in Sources */ = {isa = PBXBuildFile; fileRef = FDD1C86E21D7BCEC000139F6 /* ZKNavigationController.swift */; };
		FDD1C87121D7BDB7000139F6 /* ZKTabBarController.swift in Sources */ = {isa = PBXBuildFile; fileRef = FDD1C87021D7BDB7000139F6 /* ZKTabBarController.swift */; };
		FDD1C87321D7BE32000139F6 /* UIColor+ZKExtension.swift in Sources */ = {isa = PBXBuildFile; fileRef = FDD1C87221D7BE32000139F6 /* UIColor+ZKExtension.swift */; };
		FDD1C87721D7BEDD000139F6 /* CGFloat+ZKExtension.swift in Sources */ = {isa = PBXBuildFile; fileRef = FDD1C87621D7BEDD000139F6 /* CGFloat+ZKExtension.swift */; };
		FDD1C87921D7C2B9000139F6 /* UIView+ZKExtension.swift in Sources */ = {isa = PBXBuildFile; fileRef = FDD1C87821D7C2B9000139F6 /* UIView+ZKExtension.swift */; };
		FDD1C87C21D7C4A0000139F6 /* ZKMacro.swift in Sources */ = {isa = PBXBuildFile; fileRef = FDD1C87B21D7C4A0000139F6 /* ZKMacro.swift */; };
		FDD1C87E21D7CFFA000139F6 /* ZKCommunityViewController.swift in Sources */ = {isa = PBXBuildFile; fileRef = FDD1C87D21D7CFFA000139F6 /* ZKCommunityViewController.swift */; };
		FDD1C88221D7D023000139F6 /* ZKMessageViewController.swift in Sources */ = {isa = PBXBuildFile; fileRef = FDD1C88121D7D023000139F6 /* ZKMessageViewController.swift */; };
		FDD1C88421D7D035000139F6 /* ZKDiscoverViewController.swift in Sources */ = {isa = PBXBuildFile; fileRef = FDD1C88321D7D035000139F6 /* ZKDiscoverViewController.swift */; };
		FDD1C88621D7D042000139F6 /* ZKMineViewController.swift in Sources */ = {isa = PBXBuildFile; fileRef = FDD1C88521D7D042000139F6 /* ZKMineViewController.swift */; };
		FDD1C88821D7D05F000139F6 /* ZKViewController.swift in Sources */ = {isa = PBXBuildFile; fileRef = FDD1C88721D7D05F000139F6 /* ZKViewController.swift */; };
		FDDA3AE121DF0A2300114084 /* ZKComposeController.swift in Sources */ = {isa = PBXBuildFile; fileRef = FDDA3AE021DF0A2300114084 /* ZKComposeController.swift */; };
		FDDA3AE321DF878E00114084 /* Date+ZKExtension.swift in Sources */ = {isa = PBXBuildFile; fileRef = FDDA3AE221DF878E00114084 /* Date+ZKExtension.swift */; };
		FDE460C321EA58F6005950D4 /* ZKCommunityTagsView.swift in Sources */ = {isa = PBXBuildFile; fileRef = FDE460C221EA58F6005950D4 /* ZKCommunityTagsView.swift */; };
		FDE460C521EA71B9005950D4 /* ZKCommunityToolBar.swift in Sources */ = {isa = PBXBuildFile; fileRef = FDE460C421EA71B9005950D4 /* ZKCommunityToolBar.swift */; };
		FDE460C721EA87B8005950D4 /* ZKTableView.swift in Sources */ = {isa = PBXBuildFile; fileRef = FDE460C621EA87B8005950D4 /* ZKTableView.swift */; };
		FDE460CC21EB9EEA005950D4 /* ZKCGUtilities.swift in Sources */ = {isa = PBXBuildFile; fileRef = FDE460CB21EB9EEA005950D4 /* ZKCGUtilities.swift */; };
		FDF6EE4921E8F4CC009ED709 /* Community.json in Resources */ = {isa = PBXBuildFile; fileRef = FDF6EE4821E8F4CC009ED709 /* Community.json */; };
		FDFDBD4821F22B28009F619B /* ZKImageBrowserProgressView.swift in Sources */ = {isa = PBXBuildFile; fileRef = FDFDBD4721F22B28009F619B /* ZKImageBrowserProgressView.swift */; };
/* End PBXBuildFile section */

/* Begin PBXContainerItemProxy section */
		FDD1C84521D7B8BF000139F6 /* PBXContainerItemProxy */ = {
			isa = PBXContainerItemProxy;
			containerPortal = FDD1C82521D7B8BE000139F6 /* Project object */;
			proxyType = 1;
			remoteGlobalIDString = FDD1C82C21D7B8BE000139F6;
			remoteInfo = ZKSwiftProject;
		};
		FDD1C85021D7B8BF000139F6 /* PBXContainerItemProxy */ = {
			isa = PBXContainerItemProxy;
			containerPortal = FDD1C82521D7B8BE000139F6 /* Project object */;
			proxyType = 1;
			remoteGlobalIDString = FDD1C82C21D7B8BE000139F6;
			remoteInfo = ZKSwiftProject;
		};
/* End PBXContainerItemProxy section */

/* Begin PBXFileReference section */
		6C2E262EF737A38356995E46 /* Pods-ZKSwiftProject.release.xcconfig */ = {isa = PBXFileReference; includeInIndex = 1; lastKnownFileType = text.xcconfig; name = "Pods-ZKSwiftProject.release.xcconfig"; path = "Pods/Target Support Files/Pods-ZKSwiftProject/Pods-ZKSwiftProject.release.xcconfig"; sourceTree = "<group>"; };
		8F79496F525E37AB2BD3627E /* Pods_ZKSwiftProject.framework */ = {isa = PBXFileReference; explicitFileType = wrapper.framework; includeInIndex = 0; path = Pods_ZKSwiftProject.framework; sourceTree = BUILT_PRODUCTS_DIR; };
		942078F69B422211E7EAB9B9 /* Pods-ZKSwiftProject.debug.xcconfig */ = {isa = PBXFileReference; includeInIndex = 1; lastKnownFileType = text.xcconfig; name = "Pods-ZKSwiftProject.debug.xcconfig"; path = "Pods/Target Support Files/Pods-ZKSwiftProject/Pods-ZKSwiftProject.debug.xcconfig"; sourceTree = "<group>"; };
		FD17ED7A21E6ECA60044FB96 /* ZKableViewCell.swift */ = {isa = PBXFileReference; lastKnownFileType = sourcecode.swift; path = ZKableViewCell.swift; sourceTree = "<group>"; };
		FD17ED8E21E716940044FB96 /* ZKCommunityTimelineCell.swift */ = {isa = PBXFileReference; lastKnownFileType = sourcecode.swift; path = ZKCommunityTimelineCell.swift; sourceTree = "<group>"; };
		FD17ED9221E74BEF0044FB96 /* ZKSwiftProject-Bridging-Header.h */ = {isa = PBXFileReference; lastKnownFileType = sourcecode.c.h; path = "ZKSwiftProject-Bridging-Header.h"; sourceTree = "<group>"; };
		FD1C28FA21EF226800016122 /* YYWeakProxy.m */ = {isa = PBXFileReference; fileEncoding = 4; lastKnownFileType = sourcecode.c.objc; path = YYWeakProxy.m; sourceTree = "<group>"; };
		FD1C28FB21EF226800016122 /* YYFPSLabel.h */ = {isa = PBXFileReference; fileEncoding = 4; lastKnownFileType = sourcecode.c.h; path = YYFPSLabel.h; sourceTree = "<group>"; };
		FD1C28FC21EF226800016122 /* YYFPSLabel.m */ = {isa = PBXFileReference; fileEncoding = 4; lastKnownFileType = sourcecode.c.objc; path = YYFPSLabel.m; sourceTree = "<group>"; };
		FD1C28FD21EF226800016122 /* YYWeakProxy.h */ = {isa = PBXFileReference; fileEncoding = 4; lastKnownFileType = sourcecode.c.h; path = YYWeakProxy.h; sourceTree = "<group>"; };
		FD2B97B521F2D1CE00B5425A /* ZKImageBrowserController.swift */ = {isa = PBXFileReference; fileEncoding = 4; lastKnownFileType = sourcecode.swift; path = ZKImageBrowserController.swift; sourceTree = "<group>"; };
		FD2B97B621F2D1CE00B5425A /* ZKImageBrowserCell.swift */ = {isa = PBXFileReference; fileEncoding = 4; lastKnownFileType = sourcecode.swift; path = ZKImageBrowserCell.swift; sourceTree = "<group>"; };
		FD2B97B921F2FD1E00B5425A /* ZKImageBrowserItem.swift */ = {isa = PBXFileReference; lastKnownFileType = sourcecode.swift; path = ZKImageBrowserItem.swift; sourceTree = "<group>"; };
		FD35A1A521E9C39800DC2FEB /* ZKCommunityTimelineLayout.swift */ = {isa = PBXFileReference; lastKnownFileType = sourcecode.swift; path = ZKCommunityTimelineLayout.swift; sourceTree = "<group>"; };
		FD35A1A921E9E6BF00DC2FEB /* EmoticonWeibo.bundle */ = {isa = PBXFileReference; lastKnownFileType = "wrapper.plug-in"; path = EmoticonWeibo.bundle; sourceTree = "<group>"; };
		FD35A1AB21E9E75800DC2FEB /* ZKCommunityHelper.swift */ = {isa = PBXFileReference; lastKnownFileType = sourcecode.swift; path = ZKCommunityHelper.swift; sourceTree = "<group>"; };
		FD3B1E1021E85AB700C0C2BE /* ZKCommunityProfileView.swift */ = {isa = PBXFileReference; lastKnownFileType = sourcecode.swift; path = ZKCommunityProfileView.swift; sourceTree = "<group>"; };
		FD3B1E1621E880AC00C0C2BE /* ZKCommunityLinkView.swift */ = {isa = PBXFileReference; lastKnownFileType = sourcecode.swift; path = ZKCommunityLinkView.swift; sourceTree = "<group>"; };
		FD3B1E1821E8A02300C0C2BE /* ZKCommunityPicturesView.swift */ = {isa = PBXFileReference; lastKnownFileType = sourcecode.swift; path = ZKCommunityPicturesView.swift; sourceTree = "<group>"; };
		FD3B1E1A21E8B41800C0C2BE /* ZKCommunityTimelineModel.swift */ = {isa = PBXFileReference; lastKnownFileType = sourcecode.swift; path = ZKCommunityTimelineModel.swift; sourceTree = "<group>"; };
		FD6AABEB21D8BEE000358591 /* ZKCommunityDetailViewController.swift */ = {isa = PBXFileReference; lastKnownFileType = sourcecode.swift; path = ZKCommunityDetailViewController.swift; sourceTree = "<group>"; };
		FD6AABF021D8FFA700358591 /* ZKCycleScrollView.swift */ = {isa = PBXFileReference; lastKnownFileType = sourcecode.swift; path = ZKCycleScrollView.swift; sourceTree = "<group>"; };
		FD6AABF421DA76B100358591 /* ZKBannerCell.swift */ = {isa = PBXFileReference; lastKnownFileType = sourcecode.swift; path = ZKBannerCell.swift; sourceTree = "<group>"; };
		FD6AABF721DAB4A300358591 /* CHIBasePageControl.swift */ = {isa = PBXFileReference; fileEncoding = 4; lastKnownFileType = sourcecode.swift; path = CHIBasePageControl.swift; sourceTree = "<group>"; };
		FD6AABF821DAB4A300358591 /* CHIPageControlJalapeno.swift */ = {isa = PBXFileReference; fileEncoding = 4; lastKnownFileType = sourcecode.swift; path = CHIPageControlJalapeno.swift; sourceTree = "<group>"; };
		FD6AABF921DAB4A300358591 /* CHIPageControlAleppo.swift */ = {isa = PBXFileReference; fileEncoding = 4; lastKnownFileType = sourcecode.swift; path = CHIPageControlAleppo.swift; sourceTree = "<group>"; };
		FD6AABFA21DAB4A300358591 /* CHIPageControlJaloro.swift */ = {isa = PBXFileReference; fileEncoding = 4; lastKnownFileType = sourcecode.swift; path = CHIPageControlJaloro.swift; sourceTree = "<group>"; };
		FD6AABFB21DAB4A300358591 /* CHIPageControlChimayo.swift */ = {isa = PBXFileReference; fileEncoding = 4; lastKnownFileType = sourcecode.swift; path = CHIPageControlChimayo.swift; sourceTree = "<group>"; };
		FD6AABFC21DAB4A300358591 /* CHIPageControlPuya.swift */ = {isa = PBXFileReference; fileEncoding = 4; lastKnownFileType = sourcecode.swift; path = CHIPageControlPuya.swift; sourceTree = "<group>"; };
		FD6AABFD21DAB4A300358591 /* CHIPageControllable.swift */ = {isa = PBXFileReference; fileEncoding = 4; lastKnownFileType = sourcecode.swift; path = CHIPageControllable.swift; sourceTree = "<group>"; };
		FD6AABFE21DAB4A300358591 /* CHIPageControlPaprika.swift */ = {isa = PBXFileReference; fileEncoding = 4; lastKnownFileType = sourcecode.swift; path = CHIPageControlPaprika.swift; sourceTree = "<group>"; };
		FD6AABFF21DAB4A300358591 /* CHIPageControlAji.swift */ = {isa = PBXFileReference; fileEncoding = 4; lastKnownFileType = sourcecode.swift; path = CHIPageControlAji.swift; sourceTree = "<group>"; };
		FD6AAC0021DAB4A300358591 /* CHILayer.swift */ = {isa = PBXFileReference; fileEncoding = 4; lastKnownFileType = sourcecode.swift; path = CHILayer.swift; sourceTree = "<group>"; };
		FD6AAC0D21DB72CF00358591 /* ZKDetailBannerCell.swift */ = {isa = PBXFileReference; lastKnownFileType = sourcecode.swift; path = ZKDetailBannerCell.swift; sourceTree = "<group>"; };
		FDB0C19721E0B13E002E94F5 /* UIImage+ZKExtension.swift */ = {isa = PBXFileReference; lastKnownFileType = sourcecode.swift; path = "UIImage+ZKExtension.swift"; sourceTree = "<group>"; };
		FDB0C19921E0C589002E94F5 /* Array+ZKExtension.swift */ = {isa = PBXFileReference; lastKnownFileType = sourcecode.swift; path = "Array+ZKExtension.swift"; sourceTree = "<group>"; };
		FDB0C19B21E0CBD4002E94F5 /* DispatchQueue+ZKExtension.swift */ = {isa = PBXFileReference; lastKnownFileType = sourcecode.swift; path = "DispatchQueue+ZKExtension.swift"; sourceTree = "<group>"; };
		FDB0C19D21E0CD08002E94F5 /* Dictionary+ZKExtension.swift */ = {isa = PBXFileReference; lastKnownFileType = sourcecode.swift; path = "Dictionary+ZKExtension.swift"; sourceTree = "<group>"; };
		FDB0C19F21E0CFA4002E94F5 /* String+ZKExtension.swift */ = {isa = PBXFileReference; lastKnownFileType = sourcecode.swift; path = "String+ZKExtension.swift"; sourceTree = "<group>"; };
		FDD1C82D21D7B8BE000139F6 /* ZKSwiftProject.app */ = {isa = PBXFileReference; explicitFileType = wrapper.application; includeInIndex = 0; path = ZKSwiftProject.app; sourceTree = BUILT_PRODUCTS_DIR; };
		FDD1C83021D7B8BE000139F6 /* AppDelegate.swift */ = {isa = PBXFileReference; lastKnownFileType = sourcecode.swift; path = AppDelegate.swift; sourceTree = "<group>"; };
		FDD1C83821D7B8BE000139F6 /* ZKSwiftProject.xcdatamodel */ = {isa = PBXFileReference; lastKnownFileType = wrapper.xcdatamodel; path = ZKSwiftProject.xcdatamodel; sourceTree = "<group>"; };
		FDD1C83A21D7B8BF000139F6 /* Assets.xcassets */ = {isa = PBXFileReference; lastKnownFileType = folder.assetcatalog; path = Assets.xcassets; sourceTree = "<group>"; };
		FDD1C83D21D7B8BF000139F6 /* Base */ = {isa = PBXFileReference; lastKnownFileType = file.storyboard; name = Base; path = Base.lproj/LaunchScreen.storyboard; sourceTree = "<group>"; };
		FDD1C83F21D7B8BF000139F6 /* Info.plist */ = {isa = PBXFileReference; lastKnownFileType = text.plist.xml; path = Info.plist; sourceTree = "<group>"; };
		FDD1C84421D7B8BF000139F6 /* ZKSwiftProjectTests.xctest */ = {isa = PBXFileReference; explicitFileType = wrapper.cfbundle; includeInIndex = 0; path = ZKSwiftProjectTests.xctest; sourceTree = BUILT_PRODUCTS_DIR; };
		FDD1C84821D7B8BF000139F6 /* ZKSwiftProjectTests.swift */ = {isa = PBXFileReference; lastKnownFileType = sourcecode.swift; path = ZKSwiftProjectTests.swift; sourceTree = "<group>"; };
		FDD1C84A21D7B8BF000139F6 /* Info.plist */ = {isa = PBXFileReference; lastKnownFileType = text.plist.xml; path = Info.plist; sourceTree = "<group>"; };
		FDD1C84F21D7B8BF000139F6 /* ZKSwiftProjectUITests.xctest */ = {isa = PBXFileReference; explicitFileType = wrapper.cfbundle; includeInIndex = 0; path = ZKSwiftProjectUITests.xctest; sourceTree = BUILT_PRODUCTS_DIR; };
		FDD1C85321D7B8BF000139F6 /* ZKSwiftProjectUITests.swift */ = {isa = PBXFileReference; lastKnownFileType = sourcecode.swift; path = ZKSwiftProjectUITests.swift; sourceTree = "<group>"; };
		FDD1C85521D7B8BF000139F6 /* Info.plist */ = {isa = PBXFileReference; lastKnownFileType = text.plist.xml; path = Info.plist; sourceTree = "<group>"; };
		FDD1C86E21D7BCEC000139F6 /* ZKNavigationController.swift */ = {isa = PBXFileReference; lastKnownFileType = sourcecode.swift; path = ZKNavigationController.swift; sourceTree = "<group>"; };
		FDD1C87021D7BDB7000139F6 /* ZKTabBarController.swift */ = {isa = PBXFileReference; lastKnownFileType = sourcecode.swift; path = ZKTabBarController.swift; sourceTree = "<group>"; };
		FDD1C87221D7BE32000139F6 /* UIColor+ZKExtension.swift */ = {isa = PBXFileReference; lastKnownFileType = sourcecode.swift; path = "UIColor+ZKExtension.swift"; sourceTree = "<group>"; };
		FDD1C87621D7BEDD000139F6 /* CGFloat+ZKExtension.swift */ = {isa = PBXFileReference; lastKnownFileType = sourcecode.swift; path = "CGFloat+ZKExtension.swift"; sourceTree = "<group>"; };
		FDD1C87821D7C2B9000139F6 /* UIView+ZKExtension.swift */ = {isa = PBXFileReference; lastKnownFileType = sourcecode.swift; path = "UIView+ZKExtension.swift"; sourceTree = "<group>"; };
		FDD1C87B21D7C4A0000139F6 /* ZKMacro.swift */ = {isa = PBXFileReference; lastKnownFileType = sourcecode.swift; path = ZKMacro.swift; sourceTree = "<group>"; };
		FDD1C87D21D7CFFA000139F6 /* ZKCommunityViewController.swift */ = {isa = PBXFileReference; lastKnownFileType = sourcecode.swift; path = ZKCommunityViewController.swift; sourceTree = "<group>"; };
		FDD1C88121D7D023000139F6 /* ZKMessageViewController.swift */ = {isa = PBXFileReference; lastKnownFileType = sourcecode.swift; path = ZKMessageViewController.swift; sourceTree = "<group>"; };
		FDD1C88321D7D035000139F6 /* ZKDiscoverViewController.swift */ = {isa = PBXFileReference; lastKnownFileType = sourcecode.swift; path = ZKDiscoverViewController.swift; sourceTree = "<group>"; };
		FDD1C88521D7D042000139F6 /* ZKMineViewController.swift */ = {isa = PBXFileReference; lastKnownFileType = sourcecode.swift; path = ZKMineViewController.swift; sourceTree = "<group>"; };
		FDD1C88721D7D05F000139F6 /* ZKViewController.swift */ = {isa = PBXFileReference; lastKnownFileType = sourcecode.swift; path = ZKViewController.swift; sourceTree = "<group>"; };
		FDDA3AE021DF0A2300114084 /* ZKComposeController.swift */ = {isa = PBXFileReference; fileEncoding = 4; lastKnownFileType = sourcecode.swift; path = ZKComposeController.swift; sourceTree = "<group>"; };
		FDDA3AE221DF878E00114084 /* Date+ZKExtension.swift */ = {isa = PBXFileReference; lastKnownFileType = sourcecode.swift; path = "Date+ZKExtension.swift"; sourceTree = "<group>"; };
		FDE460C221EA58F6005950D4 /* ZKCommunityTagsView.swift */ = {isa = PBXFileReference; lastKnownFileType = sourcecode.swift; path = ZKCommunityTagsView.swift; sourceTree = "<group>"; };
		FDE460C421EA71B9005950D4 /* ZKCommunityToolBar.swift */ = {isa = PBXFileReference; lastKnownFileType = sourcecode.swift; path = ZKCommunityToolBar.swift; sourceTree = "<group>"; };
		FDE460C621EA87B8005950D4 /* ZKTableView.swift */ = {isa = PBXFileReference; lastKnownFileType = sourcecode.swift; path = ZKTableView.swift; sourceTree = "<group>"; };
		FDE460CB21EB9EEA005950D4 /* ZKCGUtilities.swift */ = {isa = PBXFileReference; lastKnownFileType = sourcecode.swift; path = ZKCGUtilities.swift; sourceTree = "<group>"; };
		FDF6EE4821E8F4CC009ED709 /* Community.json */ = {isa = PBXFileReference; fileEncoding = 4; lastKnownFileType = text.json; path = Community.json; sourceTree = "<group>"; };
		FDFDBD4721F22B28009F619B /* ZKImageBrowserProgressView.swift */ = {isa = PBXFileReference; lastKnownFileType = sourcecode.swift; path = ZKImageBrowserProgressView.swift; sourceTree = "<group>"; };
/* End PBXFileReference section */

/* Begin PBXFrameworksBuildPhase section */
		FDD1C82A21D7B8BE000139F6 /* Frameworks */ = {
			isa = PBXFrameworksBuildPhase;
			buildActionMask = 2147483647;
			files = (
				3113B3E20EC8D62601995C35 /* Pods_ZKSwiftProject.framework in Frameworks */,
			);
			runOnlyForDeploymentPostprocessing = 0;
		};
		FDD1C84121D7B8BF000139F6 /* Frameworks */ = {
			isa = PBXFrameworksBuildPhase;
			buildActionMask = 2147483647;
			files = (
			);
			runOnlyForDeploymentPostprocessing = 0;
		};
		FDD1C84C21D7B8BF000139F6 /* Frameworks */ = {
			isa = PBXFrameworksBuildPhase;
			buildActionMask = 2147483647;
			files = (
			);
			runOnlyForDeploymentPostprocessing = 0;
		};
/* End PBXFrameworksBuildPhase section */

/* Begin PBXGroup section */
		2E80029E7F4725B9F240E47D /* Pods */ = {
			isa = PBXGroup;
			children = (
				942078F69B422211E7EAB9B9 /* Pods-ZKSwiftProject.debug.xcconfig */,
				6C2E262EF737A38356995E46 /* Pods-ZKSwiftProject.release.xcconfig */,
			);
			name = Pods;
			sourceTree = "<group>";
		};
		74F2DB956FF288D4B77AEE30 /* Frameworks */ = {
			isa = PBXGroup;
			children = (
				8F79496F525E37AB2BD3627E /* Pods_ZKSwiftProject.framework */,
			);
			name = Frameworks;
			sourceTree = "<group>";
		};
		FD01A8C721DC5D00009062CF /* Controller */ = {
			isa = PBXGroup;
			children = (
				FDD1C87D21D7CFFA000139F6 /* ZKCommunityViewController.swift */,
				FD6AABEB21D8BEE000358591 /* ZKCommunityDetailViewController.swift */,
			);
			path = Controller;
			sourceTree = "<group>";
		};
		FD01A8C821DC5D09009062CF /* View */ = {
			isa = PBXGroup;
			children = (
				FD6AAC0D21DB72CF00358591 /* ZKDetailBannerCell.swift */,
				FD17ED8E21E716940044FB96 /* ZKCommunityTimelineCell.swift */,
				FD3B1E1021E85AB700C0C2BE /* ZKCommunityProfileView.swift */,
				FD3B1E1621E880AC00C0C2BE /* ZKCommunityLinkView.swift */,
				FD3B1E1821E8A02300C0C2BE /* ZKCommunityPicturesView.swift */,
				FDE460C221EA58F6005950D4 /* ZKCommunityTagsView.swift */,
				FDE460C421EA71B9005950D4 /* ZKCommunityToolBar.swift */,
			);
			path = View;
			sourceTree = "<group>";
		};
		FD01A8C921DC5D26009062CF /* ZKComposeController */ = {
			isa = PBXGroup;
			children = (
				FDDA3AE021DF0A2300114084 /* ZKComposeController.swift */,
			);
			path = ZKComposeController;
			sourceTree = "<group>";
		};
		FD17ED8C21E716390044FB96 /* Controller */ = {
			isa = PBXGroup;
			children = (
				FDD1C88321D7D035000139F6 /* ZKDiscoverViewController.swift */,
			);
			path = Controller;
			sourceTree = "<group>";
		};
		FD17ED8D21E716440044FB96 /* View */ = {
			isa = PBXGroup;
			children = (
				FD6AABF421DA76B100358591 /* ZKBannerCell.swift */,
			);
			path = View;
			sourceTree = "<group>";
		};
		FD17ED9021E73B610044FB96 /* Vendor */ = {
			isa = PBXGroup;
			children = (
				FD1C28F921EF226800016122 /* YYFPSLabel */,
				FD6AABF621DAB4A300358591 /* CHIPageControl */,
			);
			path = Vendor;
			sourceTree = "<group>";
		};
		FD1C28F921EF226800016122 /* YYFPSLabel */ = {
			isa = PBXGroup;
			children = (
				FD1C28FB21EF226800016122 /* YYFPSLabel.h */,
				FD1C28FC21EF226800016122 /* YYFPSLabel.m */,
				FD1C28FD21EF226800016122 /* YYWeakProxy.h */,
				FD1C28FA21EF226800016122 /* YYWeakProxy.m */,
			);
			path = YYFPSLabel;
			sourceTree = "<group>";
		};
		FD1C290021EF2CE700016122 /* ZKImageBrowser */ = {
			isa = PBXGroup;
			children = (
				FD2B97B921F2FD1E00B5425A /* ZKImageBrowserItem.swift */,
				FD2B97B621F2D1CE00B5425A /* ZKImageBrowserCell.swift */,
				FD2B97B521F2D1CE00B5425A /* ZKImageBrowserController.swift */,
				FDFDBD4721F22B28009F619B /* ZKImageBrowserProgressView.swift */,
			);
			path = ZKImageBrowser;
			sourceTree = "<group>";
		};
		FD3B1E0C21E8432800C0C2BE /* Model */ = {
			isa = PBXGroup;
			children = (
				FD3B1E1A21E8B41800C0C2BE /* ZKCommunityTimelineModel.swift */,
				FD35A1A521E9C39800DC2FEB /* ZKCommunityTimelineLayout.swift */,
			);
			path = Model;
			sourceTree = "<group>";
		};
		FD3B1E0D21E8434900C0C2BE /* Helper */ = {
			isa = PBXGroup;
			children = (
				FD35A1AB21E9E75800DC2FEB /* ZKCommunityHelper.swift */,
			);
			path = Helper;
			sourceTree = "<group>";
		};
		FD6AABED21D8C0DF00358591 /* ZKCycleScrollView */ = {
			isa = PBXGroup;
			children = (
				FD6AABF021D8FFA700358591 /* ZKCycleScrollView.swift */,
			);
			path = ZKCycleScrollView;
			sourceTree = "<group>";
		};
		FD6AABF621DAB4A300358591 /* CHIPageControl */ = {
			isa = PBXGroup;
			children = (
				FD6AABF721DAB4A300358591 /* CHIBasePageControl.swift */,
				FD6AABF821DAB4A300358591 /* CHIPageControlJalapeno.swift */,
				FD6AABF921DAB4A300358591 /* CHIPageControlAleppo.swift */,
				FD6AABFA21DAB4A300358591 /* CHIPageControlJaloro.swift */,
				FD6AABFB21DAB4A300358591 /* CHIPageControlChimayo.swift */,
				FD6AABFC21DAB4A300358591 /* CHIPageControlPuya.swift */,
				FD6AABFD21DAB4A300358591 /* CHIPageControllable.swift */,
				FD6AABFE21DAB4A300358591 /* CHIPageControlPaprika.swift */,
				FD6AABFF21DAB4A300358591 /* CHIPageControlAji.swift */,
				FD6AAC0021DAB4A300358591 /* CHILayer.swift */,
			);
			path = CHIPageControl;
			sourceTree = "<group>";
		};
		FDD1C82421D7B8BE000139F6 = {
			isa = PBXGroup;
			children = (
				FDD1C82F21D7B8BE000139F6 /* ZKSwiftProject */,
				FDD1C84721D7B8BF000139F6 /* ZKSwiftProjectTests */,
				FDD1C85221D7B8BF000139F6 /* ZKSwiftProjectUITests */,
				FDD1C82E21D7B8BE000139F6 /* Products */,
				2E80029E7F4725B9F240E47D /* Pods */,
				74F2DB956FF288D4B77AEE30 /* Frameworks */,
			);
			sourceTree = "<group>";
		};
		FDD1C82E21D7B8BE000139F6 /* Products */ = {
			isa = PBXGroup;
			children = (
				FDD1C82D21D7B8BE000139F6 /* ZKSwiftProject.app */,
				FDD1C84421D7B8BF000139F6 /* ZKSwiftProjectTests.xctest */,
				FDD1C84F21D7B8BF000139F6 /* ZKSwiftProjectUITests.xctest */,
			);
			name = Products;
			sourceTree = "<group>";
		};
		FDD1C82F21D7B8BE000139F6 /* ZKSwiftProject */ = {
			isa = PBXGroup;
			children = (
				FDD1C86421D7BB69000139F6 /* Modules */,
				FD17ED9021E73B610044FB96 /* Vendor */,
				FDD1C86821D7BBA8000139F6 /* Manager */,
				FDD1C86621D7BB8E000139F6 /* Category */,
				FDD1C86521D7BB6E000139F6 /* Define */,
				FDD1C86321D7BB46000139F6 /* Component */,
				FDE460C821EB0721005950D4 /* Custom */,
				FDD1C86121D7BB16000139F6 /* Main */,
				FDF6EE4721E8F4AB009ED709 /* Resource */,
				FDD1C83A21D7B8BF000139F6 /* Assets.xcassets */,
				FDD1C83C21D7B8BF000139F6 /* LaunchScreen.storyboard */,
				FDD1C83F21D7B8BF000139F6 /* Info.plist */,
				FD17ED9221E74BEF0044FB96 /* ZKSwiftProject-Bridging-Header.h */,
				FDD1C83721D7B8BE000139F6 /* ZKSwiftProject.xcdatamodeld */,
			);
			path = ZKSwiftProject;
			sourceTree = "<group>";
		};
		FDD1C84721D7B8BF000139F6 /* ZKSwiftProjectTests */ = {
			isa = PBXGroup;
			children = (
				FDD1C84821D7B8BF000139F6 /* ZKSwiftProjectTests.swift */,
				FDD1C84A21D7B8BF000139F6 /* Info.plist */,
			);
			path = ZKSwiftProjectTests;
			sourceTree = "<group>";
		};
		FDD1C85221D7B8BF000139F6 /* ZKSwiftProjectUITests */ = {
			isa = PBXGroup;
			children = (
				FDD1C85321D7B8BF000139F6 /* ZKSwiftProjectUITests.swift */,
				FDD1C85521D7B8BF000139F6 /* Info.plist */,
			);
			path = ZKSwiftProjectUITests;
			sourceTree = "<group>";
		};
		FDD1C86121D7BB16000139F6 /* Main */ = {
			isa = PBXGroup;
			children = (
				FDD1C83021D7B8BE000139F6 /* AppDelegate.swift */,
				FDD1C86E21D7BCEC000139F6 /* ZKNavigationController.swift */,
				FDD1C87021D7BDB7000139F6 /* ZKTabBarController.swift */,
			);
			path = Main;
			sourceTree = "<group>";
		};
		FDD1C86321D7BB46000139F6 /* Component */ = {
			isa = PBXGroup;
			children = (
				FD1C290021EF2CE700016122 /* ZKImageBrowser */,
				FD01A8C921DC5D26009062CF /* ZKComposeController */,
				FD6AABED21D8C0DF00358591 /* ZKCycleScrollView */,
			);
			path = Component;
			sourceTree = "<group>";
		};
		FDD1C86421D7BB69000139F6 /* Modules */ = {
			isa = PBXGroup;
			children = (
				FDD1C86921D7BBCE000139F6 /* Login */,
				FDD1C86A21D7BBD5000139F6 /* Community */,
				FDD1C86B21D7BBF7000139F6 /* Message */,
				FDD1C86C21D7BC13000139F6 /* Discover */,
				FDD1C86D21D7BC1F000139F6 /* Mine */,
			);
			path = Modules;
			sourceTree = "<group>";
		};
		FDD1C86521D7BB6E000139F6 /* Define */ = {
			isa = PBXGroup;
			children = (
				FDD1C87B21D7C4A0000139F6 /* ZKMacro.swift */,
				FDE460CB21EB9EEA005950D4 /* ZKCGUtilities.swift */,
			);
			path = Define;
			sourceTree = "<group>";
		};
		FDD1C86621D7BB8E000139F6 /* Category */ = {
			isa = PBXGroup;
			children = (
				FDD1C87221D7BE32000139F6 /* UIColor+ZKExtension.swift */,
				FDD1C87621D7BEDD000139F6 /* CGFloat+ZKExtension.swift */,
				FDD1C87821D7C2B9000139F6 /* UIView+ZKExtension.swift */,
				FDDA3AE221DF878E00114084 /* Date+ZKExtension.swift */,
				FDB0C19721E0B13E002E94F5 /* UIImage+ZKExtension.swift */,
				FDB0C19921E0C589002E94F5 /* Array+ZKExtension.swift */,
				FDB0C19D21E0CD08002E94F5 /* Dictionary+ZKExtension.swift */,
				FDB0C19B21E0CBD4002E94F5 /* DispatchQueue+ZKExtension.swift */,
				FDB0C19F21E0CFA4002E94F5 /* String+ZKExtension.swift */,
			);
			path = Category;
			sourceTree = "<group>";
		};
		FDD1C86821D7BBA8000139F6 /* Manager */ = {
			isa = PBXGroup;
			children = (
			);
			path = Manager;
			sourceTree = "<group>";
		};
		FDD1C86921D7BBCE000139F6 /* Login */ = {
			isa = PBXGroup;
			children = (
			);
			path = Login;
			sourceTree = "<group>";
		};
		FDD1C86A21D7BBD5000139F6 /* Community */ = {
			isa = PBXGroup;
			children = (
				FD3B1E0D21E8434900C0C2BE /* Helper */,
				FD3B1E0C21E8432800C0C2BE /* Model */,
				FD01A8C821DC5D09009062CF /* View */,
				FD01A8C721DC5D00009062CF /* Controller */,
			);
			path = Community;
			sourceTree = "<group>";
		};
		FDD1C86B21D7BBF7000139F6 /* Message */ = {
			isa = PBXGroup;
			children = (
				FDD1C88121D7D023000139F6 /* ZKMessageViewController.swift */,
			);
			path = Message;
			sourceTree = "<group>";
		};
		FDD1C86C21D7BC13000139F6 /* Discover */ = {
			isa = PBXGroup;
			children = (
				FD17ED8D21E716440044FB96 /* View */,
				FD17ED8C21E716390044FB96 /* Controller */,
			);
			path = Discover;
			sourceTree = "<group>";
		};
		FDD1C86D21D7BC1F000139F6 /* Mine */ = {
			isa = PBXGroup;
			children = (
				FDD1C88521D7D042000139F6 /* ZKMineViewController.swift */,
			);
			path = Mine;
			sourceTree = "<group>";
		};
		FDE460C821EB0721005950D4 /* Custom */ = {
			isa = PBXGroup;
			children = (
				FDE460C621EA87B8005950D4 /* ZKTableView.swift */,
				FD17ED7A21E6ECA60044FB96 /* ZKableViewCell.swift */,
				FDD1C88721D7D05F000139F6 /* ZKViewController.swift */,
			);
			path = Custom;
			sourceTree = "<group>";
		};
		FDF6EE4721E8F4AB009ED709 /* Resource */ = {
			isa = PBXGroup;
			children = (
				FDF6EE4821E8F4CC009ED709 /* Community.json */,
				FD35A1A921E9E6BF00DC2FEB /* EmoticonWeibo.bundle */,
			);
			path = Resource;
			sourceTree = "<group>";
		};
/* End PBXGroup section */

/* Begin PBXNativeTarget section */
		FDD1C82C21D7B8BE000139F6 /* ZKSwiftProject */ = {
			isa = PBXNativeTarget;
			buildConfigurationList = FDD1C85821D7B8BF000139F6 /* Build configuration list for PBXNativeTarget "ZKSwiftProject" */;
			buildPhases = (
				75DDE93DC2A5D3A32A1BFA69 /* [CP] Check Pods Manifest.lock */,
				FDD1C82921D7B8BE000139F6 /* Sources */,
				FDD1C82A21D7B8BE000139F6 /* Frameworks */,
				FDD1C82B21D7B8BE000139F6 /* Resources */,
				DA9C540FC5B493169EC9ABD8 /* [CP] Embed Pods Frameworks */,
			);
			buildRules = (
			);
			dependencies = (
			);
			name = ZKSwiftProject;
			productName = ZKSwiftProject;
			productReference = FDD1C82D21D7B8BE000139F6 /* ZKSwiftProject.app */;
			productType = "com.apple.product-type.application";
		};
		FDD1C84321D7B8BF000139F6 /* ZKSwiftProjectTests */ = {
			isa = PBXNativeTarget;
			buildConfigurationList = FDD1C85B21D7B8BF000139F6 /* Build configuration list for PBXNativeTarget "ZKSwiftProjectTests" */;
			buildPhases = (
				FDD1C84021D7B8BF000139F6 /* Sources */,
				FDD1C84121D7B8BF000139F6 /* Frameworks */,
				FDD1C84221D7B8BF000139F6 /* Resources */,
			);
			buildRules = (
			);
			dependencies = (
				FDD1C84621D7B8BF000139F6 /* PBXTargetDependency */,
			);
			name = ZKSwiftProjectTests;
			productName = ZKSwiftProjectTests;
			productReference = FDD1C84421D7B8BF000139F6 /* ZKSwiftProjectTests.xctest */;
			productType = "com.apple.product-type.bundle.unit-test";
		};
		FDD1C84E21D7B8BF000139F6 /* ZKSwiftProjectUITests */ = {
			isa = PBXNativeTarget;
			buildConfigurationList = FDD1C85E21D7B8BF000139F6 /* Build configuration list for PBXNativeTarget "ZKSwiftProjectUITests" */;
			buildPhases = (
				FDD1C84B21D7B8BF000139F6 /* Sources */,
				FDD1C84C21D7B8BF000139F6 /* Frameworks */,
				FDD1C84D21D7B8BF000139F6 /* Resources */,
			);
			buildRules = (
			);
			dependencies = (
				FDD1C85121D7B8BF000139F6 /* PBXTargetDependency */,
			);
			name = ZKSwiftProjectUITests;
			productName = ZKSwiftProjectUITests;
			productReference = FDD1C84F21D7B8BF000139F6 /* ZKSwiftProjectUITests.xctest */;
			productType = "com.apple.product-type.bundle.ui-testing";
		};
/* End PBXNativeTarget section */

/* Begin PBXProject section */
		FDD1C82521D7B8BE000139F6 /* Project object */ = {
			isa = PBXProject;
			attributes = {
				CLASSPREFIX = ZK;
				LastSwiftUpdateCheck = 1000;
				LastUpgradeCheck = 1000;
				ORGANIZATIONNAME = bestdew;
				TargetAttributes = {
					FDD1C82C21D7B8BE000139F6 = {
						CreatedOnToolsVersion = 10.0;
					};
					FDD1C84321D7B8BF000139F6 = {
						CreatedOnToolsVersion = 10.0;
						TestTargetID = FDD1C82C21D7B8BE000139F6;
					};
					FDD1C84E21D7B8BF000139F6 = {
						CreatedOnToolsVersion = 10.0;
						TestTargetID = FDD1C82C21D7B8BE000139F6;
					};
				};
			};
			buildConfigurationList = FDD1C82821D7B8BE000139F6 /* Build configuration list for PBXProject "ZKSwiftProject" */;
			compatibilityVersion = "Xcode 9.3";
			developmentRegion = en;
			hasScannedForEncodings = 0;
			knownRegions = (
				en,
				Base,
			);
			mainGroup = FDD1C82421D7B8BE000139F6;
			productRefGroup = FDD1C82E21D7B8BE000139F6 /* Products */;
			projectDirPath = "";
			projectRoot = "";
			targets = (
				FDD1C82C21D7B8BE000139F6 /* ZKSwiftProject */,
				FDD1C84321D7B8BF000139F6 /* ZKSwiftProjectTests */,
				FDD1C84E21D7B8BF000139F6 /* ZKSwiftProjectUITests */,
			);
		};
/* End PBXProject section */

/* Begin PBXResourcesBuildPhase section */
		FDD1C82B21D7B8BE000139F6 /* Resources */ = {
			isa = PBXResourcesBuildPhase;
			buildActionMask = 2147483647;
			files = (
				FDD1C83E21D7B8BF000139F6 /* LaunchScreen.storyboard in Resources */,
				FDD1C83B21D7B8BF000139F6 /* Assets.xcassets in Resources */,
				FDF6EE4921E8F4CC009ED709 /* Community.json in Resources */,
				FD35A1AA21E9E6BF00DC2FEB /* EmoticonWeibo.bundle in Resources */,
			);
			runOnlyForDeploymentPostprocessing = 0;
		};
		FDD1C84221D7B8BF000139F6 /* Resources */ = {
			isa = PBXResourcesBuildPhase;
			buildActionMask = 2147483647;
			files = (
			);
			runOnlyForDeploymentPostprocessing = 0;
		};
		FDD1C84D21D7B8BF000139F6 /* Resources */ = {
			isa = PBXResourcesBuildPhase;
			buildActionMask = 2147483647;
			files = (
			);
			runOnlyForDeploymentPostprocessing = 0;
		};
/* End PBXResourcesBuildPhase section */

/* Begin PBXShellScriptBuildPhase section */
		75DDE93DC2A5D3A32A1BFA69 /* [CP] Check Pods Manifest.lock */ = {
			isa = PBXShellScriptBuildPhase;
			buildActionMask = 2147483647;
			files = (
			);
			inputFileListPaths = (
			);
			inputPaths = (
				"${PODS_PODFILE_DIR_PATH}/Podfile.lock",
				"${PODS_ROOT}/Manifest.lock",
			);
			name = "[CP] Check Pods Manifest.lock";
			outputFileListPaths = (
			);
			outputPaths = (
				"$(DERIVED_FILE_DIR)/Pods-ZKSwiftProject-checkManifestLockResult.txt",
			);
			runOnlyForDeploymentPostprocessing = 0;
			shellPath = /bin/sh;
			shellScript = "diff \"${PODS_PODFILE_DIR_PATH}/Podfile.lock\" \"${PODS_ROOT}/Manifest.lock\" > /dev/null\nif [ $? != 0 ] ; then\n    # print error to STDERR\n    echo \"error: The sandbox is not in sync with the Podfile.lock. Run 'pod install' or update your CocoaPods installation.\" >&2\n    exit 1\nfi\n# This output is used by Xcode 'outputs' to avoid re-running this script phase.\necho \"SUCCESS\" > \"${SCRIPT_OUTPUT_FILE_0}\"\n";
			showEnvVarsInLog = 0;
		};
		DA9C540FC5B493169EC9ABD8 /* [CP] Embed Pods Frameworks */ = {
			isa = PBXShellScriptBuildPhase;
			buildActionMask = 2147483647;
			files = (
			);
			inputFileListPaths = (
			);
			inputPaths = (
				"${SRCROOT}/Pods/Target Support Files/Pods-ZKSwiftProject/Pods-ZKSwiftProject-frameworks.sh",
				"${BUILT_PRODUCTS_DIR}/Alamofire/Alamofire.framework",
				"${BUILT_PRODUCTS_DIR}/Kingfisher/Kingfisher.framework",
				"${BUILT_PRODUCTS_DIR}/Moya/Moya.framework",
				"${BUILT_PRODUCTS_DIR}/Result/Result.framework",
				"${BUILT_PRODUCTS_DIR}/SnapKit/SnapKit.framework",
				"${BUILT_PRODUCTS_DIR}/SwiftyJSON/SwiftyJSON.framework",
				"${BUILT_PRODUCTS_DIR}/YYText/YYText.framework",
			);
			name = "[CP] Embed Pods Frameworks";
			outputFileListPaths = (
			);
			outputPaths = (
				"${TARGET_BUILD_DIR}/${FRAMEWORKS_FOLDER_PATH}/Alamofire.framework",
				"${TARGET_BUILD_DIR}/${FRAMEWORKS_FOLDER_PATH}/Kingfisher.framework",
				"${TARGET_BUILD_DIR}/${FRAMEWORKS_FOLDER_PATH}/Moya.framework",
				"${TARGET_BUILD_DIR}/${FRAMEWORKS_FOLDER_PATH}/Result.framework",
				"${TARGET_BUILD_DIR}/${FRAMEWORKS_FOLDER_PATH}/SnapKit.framework",
				"${TARGET_BUILD_DIR}/${FRAMEWORKS_FOLDER_PATH}/SwiftyJSON.framework",
				"${TARGET_BUILD_DIR}/${FRAMEWORKS_FOLDER_PATH}/YYText.framework",
			);
			runOnlyForDeploymentPostprocessing = 0;
			shellPath = /bin/sh;
			shellScript = "\"${SRCROOT}/Pods/Target Support Files/Pods-ZKSwiftProject/Pods-ZKSwiftProject-frameworks.sh\"\n";
			showEnvVarsInLog = 0;
		};
/* End PBXShellScriptBuildPhase section */

/* Begin PBXSourcesBuildPhase section */
		FDD1C82921D7B8BE000139F6 /* Sources */ = {
			isa = PBXSourcesBuildPhase;
			buildActionMask = 2147483647;
			files = (
				FD35A1AC21E9E75800DC2FEB /* ZKCommunityHelper.swift in Sources */,
				FDD1C87E21D7CFFA000139F6 /* ZKCommunityViewController.swift in Sources */,
				FDE460C321EA58F6005950D4 /* ZKCommunityTagsView.swift in Sources */,
				FD6AABF121D8FFA700358591 /* ZKCycleScrollView.swift in Sources */,
				FD3B1E1121E85AB700C0C2BE /* ZKCommunityProfileView.swift in Sources */,
				FD6AAC0E21DB72CF00358591 /* ZKDetailBannerCell.swift in Sources */,
				FDD1C87121D7BDB7000139F6 /* ZKTabBarController.swift in Sources */,
				FDD1C86F21D7BCEC000139F6 /* ZKNavigationController.swift in Sources */,
				FD6AAC0A21DAB4A300358591 /* CHILayer.swift in Sources */,
				FDB0C19E21E0CD08002E94F5 /* Dictionary+ZKExtension.swift in Sources */,
				FDDA3AE121DF0A2300114084 /* ZKComposeController.swift in Sources */,
				FDD1C88221D7D023000139F6 /* ZKMessageViewController.swift in Sources */,
				FD6AAC0321DAB4A300358591 /* CHIPageControlAleppo.swift in Sources */,
				FD2B97B721F2D1CE00B5425A /* ZKImageBrowserController.swift in Sources */,
				FD1C28FE21EF226800016122 /* YYWeakProxy.m in Sources */,
				FD3B1E1921E8A02300C0C2BE /* ZKCommunityPicturesView.swift in Sources */,
				FDFDBD4821F22B28009F619B /* ZKImageBrowserProgressView.swift in Sources */,
				FDB0C1A021E0CFA4002E94F5 /* String+ZKExtension.swift in Sources */,
				FDB0C19C21E0CBD4002E94F5 /* DispatchQueue+ZKExtension.swift in Sources */,
				FDE460C521EA71B9005950D4 /* ZKCommunityToolBar.swift in Sources */,
				FD1C28FF21EF226800016122 /* YYFPSLabel.m in Sources */,
				FD17ED7B21E6ECA60044FB96 /* ZKableViewCell.swift in Sources */,
				FDE460CC21EB9EEA005950D4 /* ZKCGUtilities.swift in Sources */,
				FD17ED8F21E716940044FB96 /* ZKCommunityTimelineCell.swift in Sources */,
				FD3B1E1B21E8B41800C0C2BE /* ZKCommunityTimelineModel.swift in Sources */,
				FD35A1A621E9C39800DC2FEB /* ZKCommunityTimelineLayout.swift in Sources */,
				FD6AAC0521DAB4A300358591 /* CHIPageControlChimayo.swift in Sources */,
				FDD1C83921D7B8BE000139F6 /* ZKSwiftProject.xcdatamodeld in Sources */,
				FDD1C87721D7BEDD000139F6 /* CGFloat+ZKExtension.swift in Sources */,
				FD6AAC0721DAB4A300358591 /* CHIPageControllable.swift in Sources */,
				FDB0C19821E0B13E002E94F5 /* UIImage+ZKExtension.swift in Sources */,
				FD6AABEC21D8BEE000358591 /* ZKCommunityDetailViewController.swift in Sources */,
				FD2B97B821F2D1CE00B5425A /* ZKImageBrowserCell.swift in Sources */,
				FD3B1E1721E880AC00C0C2BE /* ZKCommunityLinkView.swift in Sources */,
				FDDA3AE321DF878E00114084 /* Date+ZKExtension.swift in Sources */,
				FD6AABF521DA76B100358591 /* ZKBannerCell.swift in Sources */,
				FD6AAC0421DAB4A300358591 /* CHIPageControlJaloro.swift in Sources */,
				FDE460C721EA87B8005950D4 /* ZKTableView.swift in Sources */,
				FD6AAC0221DAB4A300358591 /* CHIPageControlJalapeno.swift in Sources */,
				FDD1C87321D7BE32000139F6 /* UIColor+ZKExtension.swift in Sources */,
				FD6AAC0621DAB4A300358591 /* CHIPageControlPuya.swift in Sources */,
				FD6AAC0821DAB4A300358591 /* CHIPageControlPaprika.swift in Sources */,
				FD2B97BA21F2FD1E00B5425A /* ZKImageBrowserItem.swift in Sources */,
				FDD1C87921D7C2B9000139F6 /* UIView+ZKExtension.swift in Sources */,
				FD6AAC0921DAB4A300358591 /* CHIPageControlAji.swift in Sources */,
				FDD1C83121D7B8BE000139F6 /* AppDelegate.swift in Sources */,
				FDD1C88821D7D05F000139F6 /* ZKViewController.swift in Sources */,
				FDD1C88421D7D035000139F6 /* ZKDiscoverViewController.swift in Sources */,
				FDD1C88621D7D042000139F6 /* ZKMineViewController.swift in Sources */,
				FDD1C87C21D7C4A0000139F6 /* ZKMacro.swift in Sources */,
				FDB0C19A21E0C589002E94F5 /* Array+ZKExtension.swift in Sources */,
				FD6AAC0121DAB4A300358591 /* CHIBasePageControl.swift in Sources */,
			);
			runOnlyForDeploymentPostprocessing = 0;
		};
		FDD1C84021D7B8BF000139F6 /* Sources */ = {
			isa = PBXSourcesBuildPhase;
			buildActionMask = 2147483647;
			files = (
				FDD1C84921D7B8BF000139F6 /* ZKSwiftProjectTests.swift in Sources */,
			);
			runOnlyForDeploymentPostprocessing = 0;
		};
		FDD1C84B21D7B8BF000139F6 /* Sources */ = {
			isa = PBXSourcesBuildPhase;
			buildActionMask = 2147483647;
			files = (
				FDD1C85421D7B8BF000139F6 /* ZKSwiftProjectUITests.swift in Sources */,
			);
			runOnlyForDeploymentPostprocessing = 0;
		};
/* End PBXSourcesBuildPhase section */

/* Begin PBXTargetDependency section */
		FDD1C84621D7B8BF000139F6 /* PBXTargetDependency */ = {
			isa = PBXTargetDependency;
			target = FDD1C82C21D7B8BE000139F6 /* ZKSwiftProject */;
			targetProxy = FDD1C84521D7B8BF000139F6 /* PBXContainerItemProxy */;
		};
		FDD1C85121D7B8BF000139F6 /* PBXTargetDependency */ = {
			isa = PBXTargetDependency;
			target = FDD1C82C21D7B8BE000139F6 /* ZKSwiftProject */;
			targetProxy = FDD1C85021D7B8BF000139F6 /* PBXContainerItemProxy */;
		};
/* End PBXTargetDependency section */

/* Begin PBXVariantGroup section */
		FDD1C83C21D7B8BF000139F6 /* LaunchScreen.storyboard */ = {
			isa = PBXVariantGroup;
			children = (
				FDD1C83D21D7B8BF000139F6 /* Base */,
			);
			name = LaunchScreen.storyboard;
			sourceTree = "<group>";
		};
/* End PBXVariantGroup section */

/* Begin XCBuildConfiguration section */
		FDD1C85621D7B8BF000139F6 /* Debug */ = {
			isa = XCBuildConfiguration;
			buildSettings = {
				ALWAYS_SEARCH_USER_PATHS = NO;
				CLANG_ANALYZER_NONNULL = YES;
				CLANG_ANALYZER_NUMBER_OBJECT_CONVERSION = YES_AGGRESSIVE;
				CLANG_CXX_LANGUAGE_STANDARD = "gnu++14";
				CLANG_CXX_LIBRARY = "libc++";
				CLANG_ENABLE_MODULES = YES;
				CLANG_ENABLE_OBJC_ARC = YES;
				CLANG_ENABLE_OBJC_WEAK = YES;
				CLANG_WARN_BLOCK_CAPTURE_AUTORELEASING = YES;
				CLANG_WARN_BOOL_CONVERSION = YES;
				CLANG_WARN_COMMA = YES;
				CLANG_WARN_CONSTANT_CONVERSION = YES;
				CLANG_WARN_DEPRECATED_OBJC_IMPLEMENTATIONS = YES;
				CLANG_WARN_DIRECT_OBJC_ISA_USAGE = YES_ERROR;
				CLANG_WARN_DOCUMENTATION_COMMENTS = NO;
				CLANG_WARN_EMPTY_BODY = YES;
				CLANG_WARN_ENUM_CONVERSION = YES;
				CLANG_WARN_INFINITE_RECURSION = YES;
				CLANG_WARN_INT_CONVERSION = YES;
				CLANG_WARN_NON_LITERAL_NULL_CONVERSION = YES;
				CLANG_WARN_OBJC_IMPLICIT_RETAIN_SELF = NO;
				CLANG_WARN_OBJC_LITERAL_CONVERSION = YES;
				CLANG_WARN_OBJC_ROOT_CLASS = YES_ERROR;
				CLANG_WARN_RANGE_LOOP_ANALYSIS = YES;
				CLANG_WARN_STRICT_PROTOTYPES = NO;
				CLANG_WARN_SUSPICIOUS_MOVE = YES;
				CLANG_WARN_UNGUARDED_AVAILABILITY = YES_AGGRESSIVE;
				CLANG_WARN_UNREACHABLE_CODE = YES;
				CLANG_WARN__DUPLICATE_METHOD_MATCH = YES;
				CODE_SIGN_IDENTITY = "iPhone Developer";
				COPY_PHASE_STRIP = NO;
				DEBUG_INFORMATION_FORMAT = dwarf;
				ENABLE_STRICT_OBJC_MSGSEND = YES;
				ENABLE_TESTABILITY = YES;
				GCC_C_LANGUAGE_STANDARD = gnu11;
				GCC_DYNAMIC_NO_PIC = NO;
				GCC_NO_COMMON_BLOCKS = YES;
				GCC_OPTIMIZATION_LEVEL = 0;
				GCC_PREPROCESSOR_DEFINITIONS = (
					"DEBUG=1",
					"$(inherited)",
				);
				GCC_WARN_64_TO_32_BIT_CONVERSION = YES;
				GCC_WARN_ABOUT_RETURN_TYPE = YES_ERROR;
				GCC_WARN_UNDECLARED_SELECTOR = YES;
				GCC_WARN_UNINITIALIZED_AUTOS = YES_AGGRESSIVE;
				GCC_WARN_UNUSED_FUNCTION = YES;
				GCC_WARN_UNUSED_VARIABLE = YES;
				IPHONEOS_DEPLOYMENT_TARGET = 10.0;
				MTL_ENABLE_DEBUG_INFO = INCLUDE_SOURCE;
				MTL_FAST_MATH = YES;
				ONLY_ACTIVE_ARCH = YES;
				SDKROOT = iphoneos;
				SWIFT_ACTIVE_COMPILATION_CONDITIONS = DEBUG;
				SWIFT_OPTIMIZATION_LEVEL = "-Onone";
			};
			name = Debug;
		};
		FDD1C85721D7B8BF000139F6 /* Release */ = {
			isa = XCBuildConfiguration;
			buildSettings = {
				ALWAYS_SEARCH_USER_PATHS = NO;
				CLANG_ANALYZER_NONNULL = YES;
				CLANG_ANALYZER_NUMBER_OBJECT_CONVERSION = YES_AGGRESSIVE;
				CLANG_CXX_LANGUAGE_STANDARD = "gnu++14";
				CLANG_CXX_LIBRARY = "libc++";
				CLANG_ENABLE_MODULES = YES;
				CLANG_ENABLE_OBJC_ARC = YES;
				CLANG_ENABLE_OBJC_WEAK = YES;
				CLANG_WARN_BLOCK_CAPTURE_AUTORELEASING = YES;
				CLANG_WARN_BOOL_CONVERSION = YES;
				CLANG_WARN_COMMA = YES;
				CLANG_WARN_CONSTANT_CONVERSION = YES;
				CLANG_WARN_DEPRECATED_OBJC_IMPLEMENTATIONS = YES;
				CLANG_WARN_DIRECT_OBJC_ISA_USAGE = YES_ERROR;
				CLANG_WARN_DOCUMENTATION_COMMENTS = NO;
				CLANG_WARN_EMPTY_BODY = YES;
				CLANG_WARN_ENUM_CONVERSION = YES;
				CLANG_WARN_INFINITE_RECURSION = YES;
				CLANG_WARN_INT_CONVERSION = YES;
				CLANG_WARN_NON_LITERAL_NULL_CONVERSION = YES;
				CLANG_WARN_OBJC_IMPLICIT_RETAIN_SELF = NO;
				CLANG_WARN_OBJC_LITERAL_CONVERSION = YES;
				CLANG_WARN_OBJC_ROOT_CLASS = YES_ERROR;
				CLANG_WARN_RANGE_LOOP_ANALYSIS = YES;
				CLANG_WARN_STRICT_PROTOTYPES = NO;
				CLANG_WARN_SUSPICIOUS_MOVE = YES;
				CLANG_WARN_UNGUARDED_AVAILABILITY = YES_AGGRESSIVE;
				CLANG_WARN_UNREACHABLE_CODE = YES;
				CLANG_WARN__DUPLICATE_METHOD_MATCH = YES;
				CODE_SIGN_IDENTITY = "iPhone Developer";
				COPY_PHASE_STRIP = NO;
				DEBUG_INFORMATION_FORMAT = "dwarf-with-dsym";
				ENABLE_NS_ASSERTIONS = NO;
				ENABLE_STRICT_OBJC_MSGSEND = YES;
				GCC_C_LANGUAGE_STANDARD = gnu11;
				GCC_NO_COMMON_BLOCKS = YES;
				GCC_WARN_64_TO_32_BIT_CONVERSION = YES;
				GCC_WARN_ABOUT_RETURN_TYPE = YES_ERROR;
				GCC_WARN_UNDECLARED_SELECTOR = YES;
				GCC_WARN_UNINITIALIZED_AUTOS = YES_AGGRESSIVE;
				GCC_WARN_UNUSED_FUNCTION = YES;
				GCC_WARN_UNUSED_VARIABLE = YES;
				IPHONEOS_DEPLOYMENT_TARGET = 10.0;
				MTL_ENABLE_DEBUG_INFO = NO;
				MTL_FAST_MATH = YES;
				SDKROOT = iphoneos;
				SWIFT_COMPILATION_MODE = wholemodule;
				SWIFT_OPTIMIZATION_LEVEL = "-O";
				VALIDATE_PRODUCT = YES;
			};
			name = Release;
		};
		FDD1C85921D7B8BF000139F6 /* Debug */ = {
			isa = XCBuildConfiguration;
			baseConfigurationReference = 942078F69B422211E7EAB9B9 /* Pods-ZKSwiftProject.debug.xcconfig */;
			buildSettings = {
				ASSETCATALOG_COMPILER_APPICON_NAME = AppIcon;
				CODE_SIGN_STYLE = Automatic;
				DEVELOPMENT_TEAM = GFU6JA7V3M;
				INFOPLIST_FILE = ZKSwiftProject/Info.plist;
				LD_RUNPATH_SEARCH_PATHS = (
					"$(inherited)",
					"@executable_path/Frameworks",
				);
				PRODUCT_BUNDLE_IDENTIFIER = bestdew.ZKSwiftProject;
				PRODUCT_NAME = "$(TARGET_NAME)";
				SWIFT_OBJC_BRIDGING_HEADER = "$(SRCROOT)/ZKSwiftProject/ZKSwiftProject-Bridging-Header.h";
				SWIFT_VERSION = 4.2;
				TARGETED_DEVICE_FAMILY = "1,2";
			};
			name = Debug;
		};
		FDD1C85A21D7B8BF000139F6 /* Release */ = {
			isa = XCBuildConfiguration;
			baseConfigurationReference = 6C2E262EF737A38356995E46 /* Pods-ZKSwiftProject.release.xcconfig */;
			buildSettings = {
				ASSETCATALOG_COMPILER_APPICON_NAME = AppIcon;
				CODE_SIGN_STYLE = Automatic;
				DEVELOPMENT_TEAM = GFU6JA7V3M;
				INFOPLIST_FILE = ZKSwiftProject/Info.plist;
				LD_RUNPATH_SEARCH_PATHS = (
					"$(inherited)",
					"@executable_path/Frameworks",
				);
				PRODUCT_BUNDLE_IDENTIFIER = bestdew.ZKSwiftProject;
				PRODUCT_NAME = "$(TARGET_NAME)";
				SWIFT_OBJC_BRIDGING_HEADER = "$(SRCROOT)/ZKSwiftProject/ZKSwiftProject-Bridging-Header.h";
				SWIFT_VERSION = 4.2;
				TARGETED_DEVICE_FAMILY = "1,2";
			};
			name = Release;
		};
		FDD1C85C21D7B8BF000139F6 /* Debug */ = {
			isa = XCBuildConfiguration;
			buildSettings = {
				ALWAYS_EMBED_SWIFT_STANDARD_LIBRARIES = YES;
				BUNDLE_LOADER = "$(TEST_HOST)";
				CODE_SIGN_STYLE = Automatic;
				INFOPLIST_FILE = ZKSwiftProjectTests/Info.plist;
				LD_RUNPATH_SEARCH_PATHS = (
					"$(inherited)",
					"@executable_path/Frameworks",
					"@loader_path/Frameworks",
				);
				PRODUCT_BUNDLE_IDENTIFIER = bestdew.ZKSwiftProjectTests;
				PRODUCT_NAME = "$(TARGET_NAME)";
				SWIFT_VERSION = 4.2;
				TARGETED_DEVICE_FAMILY = "1,2";
				TEST_HOST = "$(BUILT_PRODUCTS_DIR)/ZKSwiftProject.app/ZKSwiftProject";
			};
			name = Debug;
		};
		FDD1C85D21D7B8BF000139F6 /* Release */ = {
			isa = XCBuildConfiguration;
			buildSettings = {
				ALWAYS_EMBED_SWIFT_STANDARD_LIBRARIES = YES;
				BUNDLE_LOADER = "$(TEST_HOST)";
				CODE_SIGN_STYLE = Automatic;
				INFOPLIST_FILE = ZKSwiftProjectTests/Info.plist;
				LD_RUNPATH_SEARCH_PATHS = (
					"$(inherited)",
					"@executable_path/Frameworks",
					"@loader_path/Frameworks",
				);
				PRODUCT_BUNDLE_IDENTIFIER = bestdew.ZKSwiftProjectTests;
				PRODUCT_NAME = "$(TARGET_NAME)";
				SWIFT_VERSION = 4.2;
				TARGETED_DEVICE_FAMILY = "1,2";
				TEST_HOST = "$(BUILT_PRODUCTS_DIR)/ZKSwiftProject.app/ZKSwiftProject";
			};
			name = Release;
		};
		FDD1C85F21D7B8BF000139F6 /* Debug */ = {
			isa = XCBuildConfiguration;
			buildSettings = {
				ALWAYS_EMBED_SWIFT_STANDARD_LIBRARIES = YES;
				CODE_SIGN_STYLE = Automatic;
				INFOPLIST_FILE = ZKSwiftProjectUITests/Info.plist;
				LD_RUNPATH_SEARCH_PATHS = (
					"$(inherited)",
					"@executable_path/Frameworks",
					"@loader_path/Frameworks",
				);
				PRODUCT_BUNDLE_IDENTIFIER = bestdew.ZKSwiftProjectUITests;
				PRODUCT_NAME = "$(TARGET_NAME)";
				SWIFT_VERSION = 4.2;
				TARGETED_DEVICE_FAMILY = "1,2";
				TEST_TARGET_NAME = ZKSwiftProject;
			};
			name = Debug;
		};
		FDD1C86021D7B8BF000139F6 /* Release */ = {
			isa = XCBuildConfiguration;
			buildSettings = {
				ALWAYS_EMBED_SWIFT_STANDARD_LIBRARIES = YES;
				CODE_SIGN_STYLE = Automatic;
				INFOPLIST_FILE = ZKSwiftProjectUITests/Info.plist;
				LD_RUNPATH_SEARCH_PATHS = (
					"$(inherited)",
					"@executable_path/Frameworks",
					"@loader_path/Frameworks",
				);
				PRODUCT_BUNDLE_IDENTIFIER = bestdew.ZKSwiftProjectUITests;
				PRODUCT_NAME = "$(TARGET_NAME)";
				SWIFT_VERSION = 4.2;
				TARGETED_DEVICE_FAMILY = "1,2";
				TEST_TARGET_NAME = ZKSwiftProject;
			};
			name = Release;
		};
/* End XCBuildConfiguration section */

/* Begin XCConfigurationList section */
		FDD1C82821D7B8BE000139F6 /* Build configuration list for PBXProject "ZKSwiftProject" */ = {
			isa = XCConfigurationList;
			buildConfigurations = (
				FDD1C85621D7B8BF000139F6 /* Debug */,
				FDD1C85721D7B8BF000139F6 /* Release */,
			);
			defaultConfigurationIsVisible = 0;
			defaultConfigurationName = Release;
		};
		FDD1C85821D7B8BF000139F6 /* Build configuration list for PBXNativeTarget "ZKSwiftProject" */ = {
			isa = XCConfigurationList;
			buildConfigurations = (
				FDD1C85921D7B8BF000139F6 /* Debug */,
				FDD1C85A21D7B8BF000139F6 /* Release */,
			);
			defaultConfigurationIsVisible = 0;
			defaultConfigurationName = Release;
		};
		FDD1C85B21D7B8BF000139F6 /* Build configuration list for PBXNativeTarget "ZKSwiftProjectTests" */ = {
			isa = XCConfigurationList;
			buildConfigurations = (
				FDD1C85C21D7B8BF000139F6 /* Debug */,
				FDD1C85D21D7B8BF000139F6 /* Release */,
			);
			defaultConfigurationIsVisible = 0;
			defaultConfigurationName = Release;
		};
		FDD1C85E21D7B8BF000139F6 /* Build configuration list for PBXNativeTarget "ZKSwiftProjectUITests" */ = {
			isa = XCConfigurationList;
			buildConfigurations = (
				FDD1C85F21D7B8BF000139F6 /* Debug */,
				FDD1C86021D7B8BF000139F6 /* Release */,
			);
			defaultConfigurationIsVisible = 0;
			defaultConfigurationName = Release;
		};
/* End XCConfigurationList section */

/* Begin XCVersionGroup section */
		FDD1C83721D7B8BE000139F6 /* ZKSwiftProject.xcdatamodeld */ = {
			isa = XCVersionGroup;
			children = (
				FDD1C83821D7B8BE000139F6 /* ZKSwiftProject.xcdatamodel */,
			);
			currentVersion = FDD1C83821D7B8BE000139F6 /* ZKSwiftProject.xcdatamodel */;
			path = ZKSwiftProject.xcdatamodeld;
			sourceTree = "<group>";
			versionGroupType = wrapper.xcdatamodel;
		};
/* End XCVersionGroup section */
	};
	rootObject = FDD1C82521D7B8BE000139F6 /* Project object */;
}
